
Microsoft Visual Studio Solution File, Format Version 12.00
# Visual Studio Version 17
VisualStudioVersion = 17.7.34031.279
MinimumVisualStudioVersion = 10.0.40219.1
Project("{FAE04EC0-301F-11D3-BF4B-00C04F79EFBC}") = "Test1", "Test1\Test1.csproj", "{440AB1A2-FD69-4CAA-83AD-BE031DBC3B89}"
EndProject
Global
	GlobalSection(SolutionConfigurationPlatforms) = preSolution
		Debug|Any CPU = Debug|Any CPU
		Release|Any CPU = Release|Any CPU
	EndGlobalSection
	GlobalSection(ProjectConfigurationPlatforms) = postSolution
		{440AB1A2-FD69-4CAA-83AD-BE031DBC3B89}.Debug|Any CPU.ActiveCfg = Debug|Any CPU
		{440AB1A2-FD69-4CAA-83AD-BE031DBC3B89}.Debug|Any CPU.Build.0 = Debug|Any CPU
		{440AB1A2-FD69-4CAA-83AD-BE031DBC3B89}.Release|Any CPU.ActiveCfg = Release|Any CPU
		{440AB1A2-FD69-4CAA-83AD-BE031DBC3B89}.Release|Any CPU.Build.0 = Release|Any CPU
	EndGlobalSection
	GlobalSection(SolutionProperties) = preSolution
		HideSolutionNode = FALSE
	EndGlobalSection
	GlobalSection(ExtensibilityGlobals) = postSolution
		SolutionGuid = {C67D465C-54EE-4198-B550-6D44346462EF}
	EndGlobalSection
EndGlobal
